{
  "name": "mpegts-websocket-poc",
  "version": "1.0.0",
  "lockfileVersion": 1,
  "requires": true,
  "dependencies": {
    "mux.js": {
      "version": "5.6.3",
      "resolved": "https://registry.npmjs.org/mux.js/-/mux.js-5.6.3.tgz",
      "integrity": "sha512-asBcOk37JyIUMrpB4MiIxWQIH47e5OpGSRd2fBojSKiHJs9d0XWsQLvnfbMzECHav5URSzdZGqWHuU2JBrTrWQ=="
    },
    "ws": {
      "version": "7.3.0",
      "resolved": "https://registry.npmjs.org/ws/-/ws-7.3.0.tgz",
      "integrity": "sha512-iFtXzngZVXPGgpTlP1rBqsUK82p9tKqsWRPg5L56egiljujJT3vGAYnHANvFxBieXrTFavhzhxW52jnaWV+w2w=="
    }
  }
}
